
Microsoft Visual Studio Solution File, Format Version 12.00
Project("{FAE04EC0-301F-11D3-BF4B-00C04F79EFBC}") = "LinqLab", "LinqLab\LinqLab.csproj", "{9567633E-B7CC-4C37-9AC9-4E8014BA2ECC}"
EndProject
Project("{FAE04EC0-301F-11D3-BF4B-00C04F79EFBC}") = "LinqLabTests", "LinqLabTests\LinqLabTests.csproj", "{813F1386-719C-4289-B881-D050941B9651}"
EndProject
Global
	GlobalSection(SolutionConfigurationPlatforms) = preSolution
		Debug|Any CPU = Debug|Any CPU
		Release|Any CPU = Release|Any CPU
	EndGlobalSection
	GlobalSection(ProjectConfigurationPlatforms) = postSolution
		{9567633E-B7CC-4C37-9AC9-4E8014BA2ECC}.Debug|Any CPU.ActiveCfg = Debug|Any CPU
		{9567633E-B7CC-4C37-9AC9-4E8014BA2ECC}.Debug|Any CPU.Build.0 = Debug|Any CPU
		{9567633E-B7CC-4C37-9AC9-4E8014BA2ECC}.Release|Any CPU.ActiveCfg = Release|Any CPU
		{9567633E-B7CC-4C37-9AC9-4E8014BA2ECC}.Release|Any CPU.Build.0 = Release|Any CPU
		{813F1386-719C-4289-B881-D050941B9651}.Debug|Any CPU.ActiveCfg = Debug|Any CPU
		{813F1386-719C-4289-B881-D050941B9651}.Debug|Any CPU.Build.0 = Debug|Any CPU
		{813F1386-719C-4289-B881-D050941B9651}.Release|Any CPU.ActiveCfg = Release|Any CPU
		{813F1386-719C-4289-B881-D050941B9651}.Release|Any CPU.Build.0 = Release|Any CPU
	EndGlobalSection
EndGlobal
